
Microsoft Visual Studio Solution File, Format Version 12.00
# Visual Studio Version 16
VisualStudioVersion = 16.0.29418.71
MinimumVisualStudioVersion = 10.0.40219.1
Project("{9A19103F-16F7-4668-BE54-9A1E7A4F7556}") = "Ae.ShopOrder.Service", "Ae.ShopOrder.Service\Ae.ShopOrder.Service.csproj", "{E941F0B0-D5E7-4D22-8EE7-98F4AE21B339}"
EndProject
Project("{9A19103F-16F7-4668-BE54-9A1E7A4F7556}") = "Ae.ShopOrder.Service.Common", "Ae.ShopOrder.Service.Common\Ae.ShopOrder.Service.Common.csproj", "{5B8A0CC1-A326-4CB0-8BD0-63C11C5CD4EC}"
EndProject
Project("{9A19103F-16F7-4668-BE54-9A1E7A4F7556}") = "Ae.ShopOrder.Service.Core", "Ae.ShopOrder.Service.Core\Ae.ShopOrder.Service.Core.csproj", "{87699A72-1FA1-49DA-9DDE-F3F3C9327135}"
EndProject
Project("{9A19103F-16F7-4668-BE54-9A1E7A4F7556}") = "Ae.ShopOrder.Service.Imp", "Ae.ShopOrder.Service.Imp\Ae.ShopOrder.Service.Imp.csproj", "{1FE93599-C762-4F95-8B98-57662085821B}"
EndProject
Project("{9A19103F-16F7-4668-BE54-9A1E7A4F7556}") = "Ae.ShopOrder.Service.Dal", "Ae.ShopOrder.Service.Dal\Ae.ShopOrder.Service.Dal.csproj", "{A6CC7402-3D41-4B41-BEE5-78712E4A040A}"
EndProject
Project("{9A19103F-16F7-4668-BE54-9A1E7A4F7556}") = "Ae.ShopOrder.Service.Client", "Ae.ShopOrder.Service.Client\Ae.ShopOrder.Service.Client.csproj", "{5CE59DEA-88D1-47AF-83A8-77E6188E88C0}"
EndProject
Global
	GlobalSection(SolutionConfigurationPlatforms) = preSolution
		Debug|Any CPU = Debug|Any CPU
		Release|Any CPU = Release|Any CPU
	EndGlobalSection
	GlobalSection(ProjectConfigurationPlatforms) = postSolution
		{E941F0B0-D5E7-4D22-8EE7-98F4AE21B339}.Debug|Any CPU.ActiveCfg = Debug|Any CPU
		{E941F0B0-D5E7-4D22-8EE7-98F4AE21B339}.Debug|Any CPU.Build.0 = Debug|Any CPU
		{E941F0B0-D5E7-4D22-8EE7-98F4AE21B339}.Release|Any CPU.ActiveCfg = Release|Any CPU
		{E941F0B0-D5E7-4D22-8EE7-98F4AE21B339}.Release|Any CPU.Build.0 = Release|Any CPU
		{5B8A0CC1-A326-4CB0-8BD0-63C11C5CD4EC}.Debug|Any CPU.ActiveCfg = Debug|Any CPU
		{5B8A0CC1-A326-4CB0-8BD0-63C11C5CD4EC}.Debug|Any CPU.Build.0 = Debug|Any CPU
		{5B8A0CC1-A326-4CB0-8BD0-63C11C5CD4EC}.Release|Any CPU.ActiveCfg = Release|Any CPU
		{5B8A0CC1-A326-4CB0-8BD0-63C11C5CD4EC}.Release|Any CPU.Build.0 = Release|Any CPU
		{87699A72-1FA1-49DA-9DDE-F3F3C9327135}.Debug|Any CPU.ActiveCfg = Debug|Any CPU
		{87699A72-1FA1-49DA-9DDE-F3F3C9327135}.Debug|Any CPU.Build.0 = Debug|Any CPU
		{87699A72-1FA1-49DA-9DDE-F3F3C9327135}.Release|Any CPU.ActiveCfg = Release|Any CPU
		{87699A72-1FA1-49DA-9DDE-F3F3C9327135}.Release|Any CPU.Build.0 = Release|Any CPU
		{1FE93599-C762-4F95-8B98-57662085821B}.Debug|Any CPU.ActiveCfg = Debug|Any CPU
		{1FE93599-C762-4F95-8B98-57662085821B}.Debug|Any CPU.Build.0 = Debug|Any CPU
		{1FE93599-C762-4F95-8B98-57662085821B}.Release|Any CPU.ActiveCfg = Release|Any CPU
		{1FE93599-C762-4F95-8B98-57662085821B}.Release|Any CPU.Build.0 = Release|Any CPU
		{A6CC7402-3D41-4B41-BEE5-78712E4A040A}.Debug|Any CPU.ActiveCfg = Debug|Any CPU
		{A6CC7402-3D41-4B41-BEE5-78712E4A040A}.Debug|Any CPU.Build.0 = Debug|Any CPU
		{A6CC7402-3D41-4B41-BEE5-78712E4A040A}.Release|Any CPU.ActiveCfg = Release|Any CPU
		{A6CC7402-3D41-4B41-BEE5-78712E4A040A}.Release|Any CPU.Build.0 = Release|Any CPU
		{5CE59DEA-88D1-47AF-83A8-77E6188E88C0}.Debug|Any CPU.ActiveCfg = Debug|Any CPU
		{5CE59DEA-88D1-47AF-83A8-77E6188E88C0}.Debug|Any CPU.Build.0 = Debug|Any CPU
		{5CE59DEA-88D1-47AF-83A8-77E6188E88C0}.Release|Any CPU.ActiveCfg = Release|Any CPU
		{5CE59DEA-88D1-47AF-83A8-77E6188E88C0}.Release|Any CPU.Build.0 = Release|Any CPU
	EndGlobalSection
	GlobalSection(SolutionProperties) = preSolution
		HideSolutionNode = FALSE
	EndGlobalSection
	GlobalSection(ExtensibilityGlobals) = postSolution
		SolutionGuid = {C91588F5-B5AC-45BC-9A65-F72F28A22DAA}
	EndGlobalSection
EndGlobal
