
Microsoft Visual Studio Solution File, Format Version 12.00
# Visual Studio Version 16
VisualStudioVersion = 16.0.29403.142
MinimumVisualStudioVersion = 10.0.40219.1
Project("{9A19103F-16F7-4668-BE54-9A1E7A4F7556}") = "Ae.FileUpload.Api", "Ae.FileUpload.Api\Ae.FileUpload.Api.csproj", "{5C786B5E-D0FA-4891-BB85-3E17CE978981}"
EndProject
Project("{9A19103F-16F7-4668-BE54-9A1E7A4F7556}") = "Ae.FileUpload.Api.Client", "Ae.FileUpload.Api.Client\Ae.FileUpload.Api.Client.csproj", "{5B41AB78-2BBC-4B75-98AA-015D5B55A803}"
EndProject
Project("{9A19103F-16F7-4668-BE54-9A1E7A4F7556}") = "Ae.FileUpload.Api.Common", "Ae.FileUpload.Api.Common\Ae.FileUpload.Api.Common.csproj", "{E48AA63B-5220-4BC6-AFD2-40FF7CDB4750}"
EndProject
Project("{9A19103F-16F7-4668-BE54-9A1E7A4F7556}") = "Ae.FileUpload.Api.Core", "Ae.FileUpload.Api.Core\Ae.FileUpload.Api.Core.csproj", "{0A746F5A-9174-450F-8EB5-3994AE4B9E2F}"
EndProject
Project("{9A19103F-16F7-4668-BE54-9A1E7A4F7556}") = "Ae.FileUpload.Api.Imp", "Ae.FileUpload.Api.Imp\Ae.FileUpload.Api.Imp.csproj", "{5A013DA2-426E-4AD5-8567-432276AB7747}"
EndProject
Global
	GlobalSection(SolutionConfigurationPlatforms) = preSolution
		Debug|Any CPU = Debug|Any CPU
		Release|Any CPU = Release|Any CPU
	EndGlobalSection
	GlobalSection(ProjectConfigurationPlatforms) = postSolution
		{5C786B5E-D0FA-4891-BB85-3E17CE978981}.Debug|Any CPU.ActiveCfg = Debug|Any CPU
		{5C786B5E-D0FA-4891-BB85-3E17CE978981}.Debug|Any CPU.Build.0 = Debug|Any CPU
		{5C786B5E-D0FA-4891-BB85-3E17CE978981}.Release|Any CPU.ActiveCfg = Release|Any CPU
		{5C786B5E-D0FA-4891-BB85-3E17CE978981}.Release|Any CPU.Build.0 = Release|Any CPU
		{5B41AB78-2BBC-4B75-98AA-015D5B55A803}.Debug|Any CPU.ActiveCfg = Debug|Any CPU
		{5B41AB78-2BBC-4B75-98AA-015D5B55A803}.Debug|Any CPU.Build.0 = Debug|Any CPU
		{5B41AB78-2BBC-4B75-98AA-015D5B55A803}.Release|Any CPU.ActiveCfg = Release|Any CPU
		{5B41AB78-2BBC-4B75-98AA-015D5B55A803}.Release|Any CPU.Build.0 = Release|Any CPU
		{E48AA63B-5220-4BC6-AFD2-40FF7CDB4750}.Debug|Any CPU.ActiveCfg = Debug|Any CPU
		{E48AA63B-5220-4BC6-AFD2-40FF7CDB4750}.Debug|Any CPU.Build.0 = Debug|Any CPU
		{E48AA63B-5220-4BC6-AFD2-40FF7CDB4750}.Release|Any CPU.ActiveCfg = Release|Any CPU
		{E48AA63B-5220-4BC6-AFD2-40FF7CDB4750}.Release|Any CPU.Build.0 = Release|Any CPU
		{0A746F5A-9174-450F-8EB5-3994AE4B9E2F}.Debug|Any CPU.ActiveCfg = Debug|Any CPU
		{0A746F5A-9174-450F-8EB5-3994AE4B9E2F}.Debug|Any CPU.Build.0 = Debug|Any CPU
		{0A746F5A-9174-450F-8EB5-3994AE4B9E2F}.Release|Any CPU.ActiveCfg = Release|Any CPU
		{0A746F5A-9174-450F-8EB5-3994AE4B9E2F}.Release|Any CPU.Build.0 = Release|Any CPU
		{5A013DA2-426E-4AD5-8567-432276AB7747}.Debug|Any CPU.ActiveCfg = Debug|Any CPU
		{5A013DA2-426E-4AD5-8567-432276AB7747}.Debug|Any CPU.Build.0 = Debug|Any CPU
		{5A013DA2-426E-4AD5-8567-432276AB7747}.Release|Any CPU.ActiveCfg = Release|Any CPU
		{5A013DA2-426E-4AD5-8567-432276AB7747}.Release|Any CPU.Build.0 = Release|Any CPU
	EndGlobalSection
	GlobalSection(SolutionProperties) = preSolution
		HideSolutionNode = FALSE
	EndGlobalSection
	GlobalSection(ExtensibilityGlobals) = postSolution
		SolutionGuid = {BA2D73A2-BFCA-4036-ADDA-810E6CE1B26C}
	EndGlobalSection
EndGlobal
