
Microsoft Visual Studio Solution File, Format Version 12.00
# Visual Studio Version 16
VisualStudioVersion = 16.0.29411.108
MinimumVisualStudioVersion = 10.0.40219.1
Project("{9A19103F-16F7-4668-BE54-9A1E7A4F7556}") = "Ae.Account.Api", "Ae.Account.Api\Ae.Account.Api.csproj", "{3ED586CE-7587-40EC-B49C-7BE73776D3B1}"
EndProject
Project("{9A19103F-16F7-4668-BE54-9A1E7A4F7556}") = "Ae.Account.Api.Common", "Ae.Account.Api.Common\Ae.Account.Api.Common.csproj", "{DC085BF1-89C1-4778-838D-905F6C4DB96C}"
EndProject
Project("{9A19103F-16F7-4668-BE54-9A1E7A4F7556}") = "Ae.Account.Api.Client", "Ae.Account.Api.Client\Ae.Account.Api.Client.csproj", "{EEBA85A3-BADA-4C05-964D-667A68CC19DD}"
EndProject
Project("{9A19103F-16F7-4668-BE54-9A1E7A4F7556}") = "Ae.Account.Api.Core", "Ae.Account.Api.Core\Ae.Account.Api.Core.csproj", "{FFB6ECA7-36D3-4DC3-9ECF-64DC41B85444}"
EndProject
Project("{9A19103F-16F7-4668-BE54-9A1E7A4F7556}") = "Ae.Account.Api.Imp", "Ae.Account.Api.Imp\Ae.Account.Api.Imp.csproj", "{7FB5C671-3503-4301-9F23-56A64783BD80}"
EndProject
Global
	GlobalSection(SolutionConfigurationPlatforms) = preSolution
		Debug|Any CPU = Debug|Any CPU
		Release|Any CPU = Release|Any CPU
	EndGlobalSection
	GlobalSection(ProjectConfigurationPlatforms) = postSolution
		{3ED586CE-7587-40EC-B49C-7BE73776D3B1}.Debug|Any CPU.ActiveCfg = Debug|Any CPU
		{3ED586CE-7587-40EC-B49C-7BE73776D3B1}.Debug|Any CPU.Build.0 = Debug|Any CPU
		{3ED586CE-7587-40EC-B49C-7BE73776D3B1}.Release|Any CPU.ActiveCfg = Release|Any CPU
		{3ED586CE-7587-40EC-B49C-7BE73776D3B1}.Release|Any CPU.Build.0 = Release|Any CPU
		{DC085BF1-89C1-4778-838D-905F6C4DB96C}.Debug|Any CPU.ActiveCfg = Debug|Any CPU
		{DC085BF1-89C1-4778-838D-905F6C4DB96C}.Debug|Any CPU.Build.0 = Debug|Any CPU
		{DC085BF1-89C1-4778-838D-905F6C4DB96C}.Release|Any CPU.ActiveCfg = Release|Any CPU
		{DC085BF1-89C1-4778-838D-905F6C4DB96C}.Release|Any CPU.Build.0 = Release|Any CPU
		{EEBA85A3-BADA-4C05-964D-667A68CC19DD}.Debug|Any CPU.ActiveCfg = Debug|Any CPU
		{EEBA85A3-BADA-4C05-964D-667A68CC19DD}.Debug|Any CPU.Build.0 = Debug|Any CPU
		{EEBA85A3-BADA-4C05-964D-667A68CC19DD}.Release|Any CPU.ActiveCfg = Release|Any CPU
		{EEBA85A3-BADA-4C05-964D-667A68CC19DD}.Release|Any CPU.Build.0 = Release|Any CPU
		{FFB6ECA7-36D3-4DC3-9ECF-64DC41B85444}.Debug|Any CPU.ActiveCfg = Debug|Any CPU
		{FFB6ECA7-36D3-4DC3-9ECF-64DC41B85444}.Debug|Any CPU.Build.0 = Debug|Any CPU
		{FFB6ECA7-36D3-4DC3-9ECF-64DC41B85444}.Release|Any CPU.ActiveCfg = Release|Any CPU
		{FFB6ECA7-36D3-4DC3-9ECF-64DC41B85444}.Release|Any CPU.Build.0 = Release|Any CPU
		{7FB5C671-3503-4301-9F23-56A64783BD80}.Debug|Any CPU.ActiveCfg = Debug|Any CPU
		{7FB5C671-3503-4301-9F23-56A64783BD80}.Debug|Any CPU.Build.0 = Debug|Any CPU
		{7FB5C671-3503-4301-9F23-56A64783BD80}.Release|Any CPU.ActiveCfg = Release|Any CPU
		{7FB5C671-3503-4301-9F23-56A64783BD80}.Release|Any CPU.Build.0 = Release|Any CPU
	EndGlobalSection
	GlobalSection(SolutionProperties) = preSolution
		HideSolutionNode = FALSE
	EndGlobalSection
	GlobalSection(ExtensibilityGlobals) = postSolution
		SolutionGuid = {FF1FE260-6C82-40A8-8332-194DE9EF7C95}
	EndGlobalSection
EndGlobal
